
Microsoft Visual Studio Solution File, Format Version 12.00
# Visual Studio Version 16
VisualStudioVersion = 16.0.29311.281
MinimumVisualStudioVersion = 15.0.26124.0
Project("{FAE04EC0-301F-11D3-BF4B-00C04F79EFBC}") = "SSOTest.Client", "SSOTest.Client\SSOTest.Client.csproj", "{FFC2FE5F-AD19-4B26-BEF1-DEE92AA6A971}"
EndProject
Project("{9A19103F-16F7-4668-BE54-9A1E7A4F7556}") = "IdentityServer", "IdentityServer\IdentityServer.csproj", "{A660290E-4595-48CB-8CBB-44F713A5D1D9}"
EndProject
Global
	GlobalSection(SolutionConfigurationPlatforms) = preSolution
		Debug|Any CPU = Debug|Any CPU
		Debug|x64 = Debug|x64
		Debug|x86 = Debug|x86
		Release|Any CPU = Release|Any CPU
		Release|x64 = Release|x64
		Release|x86 = Release|x86
	EndGlobalSection
	GlobalSection(ProjectConfigurationPlatforms) = postSolution
		{FFC2FE5F-AD19-4B26-BEF1-DEE92AA6A971}.Debug|Any CPU.ActiveCfg = Debug|Any CPU
		{FFC2FE5F-AD19-4B26-BEF1-DEE92AA6A971}.Debug|Any CPU.Build.0 = Debug|Any CPU
		{FFC2FE5F-AD19-4B26-BEF1-DEE92AA6A971}.Debug|x64.ActiveCfg = Debug|Any CPU
		{FFC2FE5F-AD19-4B26-BEF1-DEE92AA6A971}.Debug|x64.Build.0 = Debug|Any CPU
		{FFC2FE5F-AD19-4B26-BEF1-DEE92AA6A971}.Debug|x86.ActiveCfg = Debug|Any CPU
		{FFC2FE5F-AD19-4B26-BEF1-DEE92AA6A971}.Debug|x86.Build.0 = Debug|Any CPU
		{FFC2FE5F-AD19-4B26-BEF1-DEE92AA6A971}.Release|Any CPU.ActiveCfg = Release|Any CPU
		{FFC2FE5F-AD19-4B26-BEF1-DEE92AA6A971}.Release|Any CPU.Build.0 = Release|Any CPU
		{FFC2FE5F-AD19-4B26-BEF1-DEE92AA6A971}.Release|x64.ActiveCfg = Release|Any CPU
		{FFC2FE5F-AD19-4B26-BEF1-DEE92AA6A971}.Release|x64.Build.0 = Release|Any CPU
		{FFC2FE5F-AD19-4B26-BEF1-DEE92AA6A971}.Release|x86.ActiveCfg = Release|Any CPU
		{FFC2FE5F-AD19-4B26-BEF1-DEE92AA6A971}.Release|x86.Build.0 = Release|Any CPU
		{A660290E-4595-48CB-8CBB-44F713A5D1D9}.Debug|Any CPU.ActiveCfg = Debug|Any CPU
		{A660290E-4595-48CB-8CBB-44F713A5D1D9}.Debug|Any CPU.Build.0 = Debug|Any CPU
		{A660290E-4595-48CB-8CBB-44F713A5D1D9}.Debug|x64.ActiveCfg = Debug|Any CPU
		{A660290E-4595-48CB-8CBB-44F713A5D1D9}.Debug|x64.Build.0 = Debug|Any CPU
		{A660290E-4595-48CB-8CBB-44F713A5D1D9}.Debug|x86.ActiveCfg = Debug|Any CPU
		{A660290E-4595-48CB-8CBB-44F713A5D1D9}.Debug|x86.Build.0 = Debug|Any CPU
		{A660290E-4595-48CB-8CBB-44F713A5D1D9}.Release|Any CPU.ActiveCfg = Release|Any CPU
		{A660290E-4595-48CB-8CBB-44F713A5D1D9}.Release|Any CPU.Build.0 = Release|Any CPU
		{A660290E-4595-48CB-8CBB-44F713A5D1D9}.Release|x64.ActiveCfg = Release|Any CPU
		{A660290E-4595-48CB-8CBB-44F713A5D1D9}.Release|x64.Build.0 = Release|Any CPU
		{A660290E-4595-48CB-8CBB-44F713A5D1D9}.Release|x86.ActiveCfg = Release|Any CPU
		{A660290E-4595-48CB-8CBB-44F713A5D1D9}.Release|x86.Build.0 = Release|Any CPU
	EndGlobalSection
	GlobalSection(SolutionProperties) = preSolution
		HideSolutionNode = FALSE
	EndGlobalSection
	GlobalSection(ExtensibilityGlobals) = postSolution
		SolutionGuid = {DC82C069-4A8B-472C-AAB8-DB72FBA96519}
	EndGlobalSection
EndGlobal
